{
  "requires": true,
  "lockfileVersion": 1,
  "dependencies": {
    "react-native-dropdown-picker": {
      "version": "5.1.28",
      "resolved": "https://registry.npmjs.org/react-native-dropdown-picker/-/react-native-dropdown-picker-5.1.28.tgz",
      "integrity": "sha512-REF1QMuuJhVrNh71IvgCY594wT6+l4KQG8TRgwPUfvnWPukzbNHClGkqf6E7Y7xZS5eK6NeE1uAzoZZJntdwWA=="
    }
  }
}
